
Microsoft Visual Studio Solution File, Format Version 12.00
# Visual Studio 15
VisualStudioVersion = 15.0.27130.2027
MinimumVisualStudioVersion = 10.0.40219.1
Project("{FAE04EC0-301F-11D3-BF4B-00C04F79EFBC}") = "BoxingUnboxing", "BoxingUnboxing\BoxingUnboxing.csproj", "{33C796F0-81C0-4E0C-B5F9-71CDCE6CFA7B}"
EndProject
Project("{FAE04EC0-301F-11D3-BF4B-00C04F79EFBC}") = "Exceptions", "Exceptions\Exceptions.csproj", "{632A9B28-A08F-4A0F-BE86-8AB6AAC1CF5F}"
EndProject
Project("{FAE04EC0-301F-11D3-BF4B-00C04F79EFBC}") = "ConfigurationManager", "ConfigurationManager\ConfigurationManager.csproj", "{CEF59742-6B91-4084-85E0-AA401E821341}"
EndProject
Global
	GlobalSection(SolutionConfigurationPlatforms) = preSolution
		Debug|Any CPU = Debug|Any CPU
		Release|Any CPU = Release|Any CPU
	EndGlobalSection
	GlobalSection(ProjectConfigurationPlatforms) = postSolution
		{33C796F0-81C0-4E0C-B5F9-71CDCE6CFA7B}.Debug|Any CPU.ActiveCfg = Debug|Any CPU
		{33C796F0-81C0-4E0C-B5F9-71CDCE6CFA7B}.Debug|Any CPU.Build.0 = Debug|Any CPU
		{33C796F0-81C0-4E0C-B5F9-71CDCE6CFA7B}.Release|Any CPU.ActiveCfg = Release|Any CPU
		{33C796F0-81C0-4E0C-B5F9-71CDCE6CFA7B}.Release|Any CPU.Build.0 = Release|Any CPU
		{632A9B28-A08F-4A0F-BE86-8AB6AAC1CF5F}.Debug|Any CPU.ActiveCfg = Debug|Any CPU
		{632A9B28-A08F-4A0F-BE86-8AB6AAC1CF5F}.Debug|Any CPU.Build.0 = Debug|Any CPU
		{632A9B28-A08F-4A0F-BE86-8AB6AAC1CF5F}.Release|Any CPU.ActiveCfg = Release|Any CPU
		{632A9B28-A08F-4A0F-BE86-8AB6AAC1CF5F}.Release|Any CPU.Build.0 = Release|Any CPU
		{CEF59742-6B91-4084-85E0-AA401E821341}.Debug|Any CPU.ActiveCfg = Debug|Any CPU
		{CEF59742-6B91-4084-85E0-AA401E821341}.Debug|Any CPU.Build.0 = Debug|Any CPU
		{CEF59742-6B91-4084-85E0-AA401E821341}.Release|Any CPU.ActiveCfg = Release|Any CPU
		{CEF59742-6B91-4084-85E0-AA401E821341}.Release|Any CPU.Build.0 = Release|Any CPU
	EndGlobalSection
	GlobalSection(SolutionProperties) = preSolution
		HideSolutionNode = FALSE
	EndGlobalSection
	GlobalSection(ExtensibilityGlobals) = postSolution
		SolutionGuid = {444E0065-3E2C-4F3F-ACB8-E51D962A651F}
	EndGlobalSection
EndGlobal
